
Microsoft Visual Studio Solution File, Format Version 12.00
# Visual Studio 14
VisualStudioVersion = 14.0.25123.0
MinimumVisualStudioVersion = 10.0.40219.1
Project("{FFA01B8A-0B33-451C-BA3C-CB3164ED7C81}") = "Sitecore.Support.198207", "Sitecore.Support.198207\Sitecore.Support.198207.csproj", "{CAF22465-84C6-4F3F-97AC-9926FBE3644A}"
EndProject
Global
	GlobalSection(SolutionConfigurationPlatforms) = preSolution
		Debug|Any CPU = Debug|Any CPU
		Release|Any CPU = Release|Any CPU
	EndGlobalSection
	GlobalSection(ProjectConfigurationPlatforms) = postSolution
		{CAF22465-84C6-4F3F-97AC-9926FBE3644A}.Debug|Any CPU.ActiveCfg = Debug|Any CPU
		{CAF22465-84C6-4F3F-97AC-9926FBE3644A}.Debug|Any CPU.Build.0 = Debug|Any CPU
		{CAF22465-84C6-4F3F-97AC-9926FBE3644A}.Release|Any CPU.ActiveCfg = Release|Any CPU
		{CAF22465-84C6-4F3F-97AC-9926FBE3644A}.Release|Any CPU.Build.0 = Release|Any CPU
	EndGlobalSection
	GlobalSection(SolutionProperties) = preSolution
		HideSolutionNode = FALSE
	EndGlobalSection
EndGlobal
